
Microsoft Visual Studio Solution File, Format Version 12.00
# Visual Studio Version 16
VisualStudioVersion = 16.0.31624.102
MinimumVisualStudioVersion = 10.0.40219.1
Project("{FAE04EC0-301F-11D3-BF4B-00C04F79EFBC}") = "WeekFour", "WeekFour\WeekFour.csproj", "{B5D597D2-19C3-40BC-9396-12FBF7F39659}"
EndProject
Global
	GlobalSection(SolutionConfigurationPlatforms) = preSolution
		Debug|Any CPU = Debug|Any CPU
		Release|Any CPU = Release|Any CPU
	EndGlobalSection
	GlobalSection(ProjectConfigurationPlatforms) = postSolution
		{B5D597D2-19C3-40BC-9396-12FBF7F39659}.Debug|Any CPU.ActiveCfg = Debug|Any CPU
		{B5D597D2-19C3-40BC-9396-12FBF7F39659}.Debug|Any CPU.Build.0 = Debug|Any CPU
		{B5D597D2-19C3-40BC-9396-12FBF7F39659}.Release|Any CPU.ActiveCfg = Release|Any CPU
		{B5D597D2-19C3-40BC-9396-12FBF7F39659}.Release|Any CPU.Build.0 = Release|Any CPU
	EndGlobalSection
	GlobalSection(SolutionProperties) = preSolution
		HideSolutionNode = FALSE
	EndGlobalSection
	GlobalSection(ExtensibilityGlobals) = postSolution
		SolutionGuid = {BC56A01F-69EB-47D2-8020-D42CCE0D4976}
	EndGlobalSection
EndGlobal
